
Microsoft Visual Studio Solution File, Format Version 12.00
# Visual Studio Version 17
VisualStudioVersion = 17.1.32407.343
MinimumVisualStudioVersion = 10.0.40219.1
Project("{FAE04EC0-301F-11D3-BF4B-00C04F79EFBC}") = "ProPresenterLyricsGenerator", "ProPresenterLyricsGenerator\ProPresenterLyricsGenerator.csproj", "{1380B884-1CE8-49FA-BD1B-C6C1FADADE70}"
EndProject
Global
	GlobalSection(SolutionConfigurationPlatforms) = preSolution
		Debug|Any CPU = Debug|Any CPU
		Release|Any CPU = Release|Any CPU
	EndGlobalSection
	GlobalSection(ProjectConfigurationPlatforms) = postSolution
		{1380B884-1CE8-49FA-BD1B-C6C1FADADE70}.Debug|Any CPU.ActiveCfg = Debug|Any CPU
		{1380B884-1CE8-49FA-BD1B-C6C1FADADE70}.Debug|Any CPU.Build.0 = Debug|Any CPU
		{1380B884-1CE8-49FA-BD1B-C6C1FADADE70}.Release|Any CPU.ActiveCfg = Release|Any CPU
		{1380B884-1CE8-49FA-BD1B-C6C1FADADE70}.Release|Any CPU.Build.0 = Release|Any CPU
	EndGlobalSection
	GlobalSection(SolutionProperties) = preSolution
		HideSolutionNode = FALSE
	EndGlobalSection
	GlobalSection(ExtensibilityGlobals) = postSolution
		SolutionGuid = {78116692-F28C-4ED4-92F9-50418EFA3A74}
	EndGlobalSection
EndGlobal
